
Microsoft Visual Studio Solution File, Format Version 12.00
# Visual Studio Version 16
VisualStudioVersion = 16.0.30114.105
MinimumVisualStudioVersion = 10.0.40219.1
Project("{FAE04EC0-301F-11D3-BF4B-00C04F79EFBC}") = "API", "API\API.csproj", "{21C9D612-7166-4AE3-85FD-74D3869F8585}"
EndProject
Project("{FAE04EC0-301F-11D3-BF4B-00C04F79EFBC}") = "Application", "Application\Application.csproj", "{6DB6C686-AD2F-4A74-8035-6F507ABA8573}"
EndProject
Project("{FAE04EC0-301F-11D3-BF4B-00C04F79EFBC}") = "Persistence", "Persistence\Persistence.csproj", "{899AC573-35D6-4B16-A8DE-2177117C82AA}"
EndProject
Project("{FAE04EC0-301F-11D3-BF4B-00C04F79EFBC}") = "Domain", "Domain\Domain.csproj", "{0AA90EC2-C566-47E0-93A0-94EB83127E2D}"
EndProject
Global
	GlobalSection(SolutionConfigurationPlatforms) = preSolution
		Debug|Any CPU = Debug|Any CPU
		Debug|x64 = Debug|x64
		Debug|x86 = Debug|x86
		Release|Any CPU = Release|Any CPU
		Release|x64 = Release|x64
		Release|x86 = Release|x86
	EndGlobalSection
	GlobalSection(SolutionProperties) = preSolution
		HideSolutionNode = FALSE
	EndGlobalSection
	GlobalSection(ProjectConfigurationPlatforms) = postSolution
		{21C9D612-7166-4AE3-85FD-74D3869F8585}.Debug|Any CPU.ActiveCfg = Debug|Any CPU
		{21C9D612-7166-4AE3-85FD-74D3869F8585}.Debug|Any CPU.Build.0 = Debug|Any CPU
		{21C9D612-7166-4AE3-85FD-74D3869F8585}.Debug|x64.ActiveCfg = Debug|Any CPU
		{21C9D612-7166-4AE3-85FD-74D3869F8585}.Debug|x64.Build.0 = Debug|Any CPU
		{21C9D612-7166-4AE3-85FD-74D3869F8585}.Debug|x86.ActiveCfg = Debug|Any CPU
		{21C9D612-7166-4AE3-85FD-74D3869F8585}.Debug|x86.Build.0 = Debug|Any CPU
		{21C9D612-7166-4AE3-85FD-74D3869F8585}.Release|Any CPU.ActiveCfg = Release|Any CPU
		{21C9D612-7166-4AE3-85FD-74D3869F8585}.Release|Any CPU.Build.0 = Release|Any CPU
		{21C9D612-7166-4AE3-85FD-74D3869F8585}.Release|x64.ActiveCfg = Release|Any CPU
		{21C9D612-7166-4AE3-85FD-74D3869F8585}.Release|x64.Build.0 = Release|Any CPU
		{21C9D612-7166-4AE3-85FD-74D3869F8585}.Release|x86.ActiveCfg = Release|Any CPU
		{21C9D612-7166-4AE3-85FD-74D3869F8585}.Release|x86.Build.0 = Release|Any CPU
		{6DB6C686-AD2F-4A74-8035-6F507ABA8573}.Debug|Any CPU.ActiveCfg = Debug|Any CPU
		{6DB6C686-AD2F-4A74-8035-6F507ABA8573}.Debug|Any CPU.Build.0 = Debug|Any CPU
		{6DB6C686-AD2F-4A74-8035-6F507ABA8573}.Debug|x64.ActiveCfg = Debug|Any CPU
		{6DB6C686-AD2F-4A74-8035-6F507ABA8573}.Debug|x64.Build.0 = Debug|Any CPU
		{6DB6C686-AD2F-4A74-8035-6F507ABA8573}.Debug|x86.ActiveCfg = Debug|Any CPU
		{6DB6C686-AD2F-4A74-8035-6F507ABA8573}.Debug|x86.Build.0 = Debug|Any CPU
		{6DB6C686-AD2F-4A74-8035-6F507ABA8573}.Release|Any CPU.ActiveCfg = Release|Any CPU
		{6DB6C686-AD2F-4A74-8035-6F507ABA8573}.Release|Any CPU.Build.0 = Release|Any CPU
		{6DB6C686-AD2F-4A74-8035-6F507ABA8573}.Release|x64.ActiveCfg = Release|Any CPU
		{6DB6C686-AD2F-4A74-8035-6F507ABA8573}.Release|x64.Build.0 = Release|Any CPU
		{6DB6C686-AD2F-4A74-8035-6F507ABA8573}.Release|x86.ActiveCfg = Release|Any CPU
		{6DB6C686-AD2F-4A74-8035-6F507ABA8573}.Release|x86.Build.0 = Release|Any CPU
		{899AC573-35D6-4B16-A8DE-2177117C82AA}.Debug|Any CPU.ActiveCfg = Debug|Any CPU
		{899AC573-35D6-4B16-A8DE-2177117C82AA}.Debug|Any CPU.Build.0 = Debug|Any CPU
		{899AC573-35D6-4B16-A8DE-2177117C82AA}.Debug|x64.ActiveCfg = Debug|Any CPU
		{899AC573-35D6-4B16-A8DE-2177117C82AA}.Debug|x64.Build.0 = Debug|Any CPU
		{899AC573-35D6-4B16-A8DE-2177117C82AA}.Debug|x86.ActiveCfg = Debug|Any CPU
		{899AC573-35D6-4B16-A8DE-2177117C82AA}.Debug|x86.Build.0 = Debug|Any CPU
		{899AC573-35D6-4B16-A8DE-2177117C82AA}.Release|Any CPU.ActiveCfg = Release|Any CPU
		{899AC573-35D6-4B16-A8DE-2177117C82AA}.Release|Any CPU.Build.0 = Release|Any CPU
		{899AC573-35D6-4B16-A8DE-2177117C82AA}.Release|x64.ActiveCfg = Release|Any CPU
		{899AC573-35D6-4B16-A8DE-2177117C82AA}.Release|x64.Build.0 = Release|Any CPU
		{899AC573-35D6-4B16-A8DE-2177117C82AA}.Release|x86.ActiveCfg = Release|Any CPU
		{899AC573-35D6-4B16-A8DE-2177117C82AA}.Release|x86.Build.0 = Release|Any CPU
		{0AA90EC2-C566-47E0-93A0-94EB83127E2D}.Debug|Any CPU.ActiveCfg = Debug|Any CPU
		{0AA90EC2-C566-47E0-93A0-94EB83127E2D}.Debug|Any CPU.Build.0 = Debug|Any CPU
		{0AA90EC2-C566-47E0-93A0-94EB83127E2D}.Debug|x64.ActiveCfg = Debug|Any CPU
		{0AA90EC2-C566-47E0-93A0-94EB83127E2D}.Debug|x64.Build.0 = Debug|Any CPU
		{0AA90EC2-C566-47E0-93A0-94EB83127E2D}.Debug|x86.ActiveCfg = Debug|Any CPU
		{0AA90EC2-C566-47E0-93A0-94EB83127E2D}.Debug|x86.Build.0 = Debug|Any CPU
		{0AA90EC2-C566-47E0-93A0-94EB83127E2D}.Release|Any CPU.ActiveCfg = Release|Any CPU
		{0AA90EC2-C566-47E0-93A0-94EB83127E2D}.Release|Any CPU.Build.0 = Release|Any CPU
		{0AA90EC2-C566-47E0-93A0-94EB83127E2D}.Release|x64.ActiveCfg = Release|Any CPU
		{0AA90EC2-C566-47E0-93A0-94EB83127E2D}.Release|x64.Build.0 = Release|Any CPU
		{0AA90EC2-C566-47E0-93A0-94EB83127E2D}.Release|x86.ActiveCfg = Release|Any CPU
		{0AA90EC2-C566-47E0-93A0-94EB83127E2D}.Release|x86.Build.0 = Release|Any CPU
	EndGlobalSection
EndGlobal
